
Microsoft Visual Studio Solution File, Format Version 12.00
# Visual Studio Version 17
VisualStudioVersion = 17.9.34622.214
MinimumVisualStudioVersion = 10.0.40219.1
Project("{8BC9CEB8-8B4A-11D0-8D11-00A0C91BC942}") = "Demo", "Demo\Demo.vcxproj", "{FE479C2E-8A90-4623-B8D5-9A5DC5FB0C5B}"
	ProjectSection(ProjectDependencies) = postProject
		{2848771D-5365-4BA1-9036-01C8C26268A2} = {2848771D-5365-4BA1-9036-01C8C26268A2}
	EndProjectSection
EndProject
Project("{8BC9CEB8-8B4A-11D0-8D11-00A0C91BC942}") = "GameEngine", "GameEngine\GameEngine.vcxproj", "{2848771D-5365-4BA1-9036-01C8C26268A2}"
	ProjectSection(ProjectDependencies) = postProject
		{429A321D-AB8B-4817-A275-47C53FE32EB4} = {429A321D-AB8B-4817-A275-47C53FE32EB4}
		{F3451287-9EB7-4732-8D84-F0AD1818EDA5} = {F3451287-9EB7-4732-8D84-F0AD1818EDA5}
	EndProjectSection
EndProject
Project("{8BC9CEB8-8B4A-11D0-8D11-00A0C91BC942}") = "DearsGraphicsEngine", "DearsGraphicsEngine\DearsGraphicsEngine.vcxproj", "{F3451287-9EB7-4732-8D84-F0AD1818EDA5}"
EndProject
Project("{8BC9CEB8-8B4A-11D0-8D11-00A0C91BC942}") = "DearsTweening", "DearsTweening\DearsTweening.vcxproj", "{429A321D-AB8B-4817-A275-47C53FE32EB4}"
EndProject
Global
	GlobalSection(SolutionConfigurationPlatforms) = preSolution
		Debug|x64 = Debug|x64
		Debug|x86 = Debug|x86
		Release|x64 = Release|x64
		Release|x86 = Release|x86
	EndGlobalSection
	GlobalSection(ProjectConfigurationPlatforms) = postSolution
		{FE479C2E-8A90-4623-B8D5-9A5DC5FB0C5B}.Debug|x64.ActiveCfg = Debug|x64
		{FE479C2E-8A90-4623-B8D5-9A5DC5FB0C5B}.Debug|x64.Build.0 = Debug|x64
		{FE479C2E-8A90-4623-B8D5-9A5DC5FB0C5B}.Debug|x86.ActiveCfg = Debug|Win32
		{FE479C2E-8A90-4623-B8D5-9A5DC5FB0C5B}.Debug|x86.Build.0 = Debug|Win32
		{FE479C2E-8A90-4623-B8D5-9A5DC5FB0C5B}.Release|x64.ActiveCfg = Release|x64
		{FE479C2E-8A90-4623-B8D5-9A5DC5FB0C5B}.Release|x64.Build.0 = Release|x64
		{FE479C2E-8A90-4623-B8D5-9A5DC5FB0C5B}.Release|x86.ActiveCfg = Release|Win32
		{FE479C2E-8A90-4623-B8D5-9A5DC5FB0C5B}.Release|x86.Build.0 = Release|Win32
		{2848771D-5365-4BA1-9036-01C8C26268A2}.Debug|x64.ActiveCfg = Debug|x64
		{2848771D-5365-4BA1-9036-01C8C26268A2}.Debug|x64.Build.0 = Debug|x64
		{2848771D-5365-4BA1-9036-01C8C26268A2}.Debug|x86.ActiveCfg = Debug|Win32
		{2848771D-5365-4BA1-9036-01C8C26268A2}.Debug|x86.Build.0 = Debug|Win32
		{2848771D-5365-4BA1-9036-01C8C26268A2}.Release|x64.ActiveCfg = Release|x64
		{2848771D-5365-4BA1-9036-01C8C26268A2}.Release|x64.Build.0 = Release|x64
		{2848771D-5365-4BA1-9036-01C8C26268A2}.Release|x86.ActiveCfg = Release|Win32
		{2848771D-5365-4BA1-9036-01C8C26268A2}.Release|x86.Build.0 = Release|Win32
		{F3451287-9EB7-4732-8D84-F0AD1818EDA5}.Debug|x64.ActiveCfg = Debug|x64
		{F3451287-9EB7-4732-8D84-F0AD1818EDA5}.Debug|x64.Build.0 = Debug|x64
		{F3451287-9EB7-4732-8D84-F0AD1818EDA5}.Debug|x86.ActiveCfg = Debug|Win32
		{F3451287-9EB7-4732-8D84-F0AD1818EDA5}.Debug|x86.Build.0 = Debug|Win32
		{F3451287-9EB7-4732-8D84-F0AD1818EDA5}.Release|x64.ActiveCfg = Release|x64
		{F3451287-9EB7-4732-8D84-F0AD1818EDA5}.Release|x64.Build.0 = Release|x64
		{F3451287-9EB7-4732-8D84-F0AD1818EDA5}.Release|x86.ActiveCfg = Release|Win32
		{F3451287-9EB7-4732-8D84-F0AD1818EDA5}.Release|x86.Build.0 = Release|Win32
		{429A321D-AB8B-4817-A275-47C53FE32EB4}.Debug|x64.ActiveCfg = Debug|x64
		{429A321D-AB8B-4817-A275-47C53FE32EB4}.Debug|x64.Build.0 = Debug|x64
		{429A321D-AB8B-4817-A275-47C53FE32EB4}.Debug|x86.ActiveCfg = Debug|Win32
		{429A321D-AB8B-4817-A275-47C53FE32EB4}.Debug|x86.Build.0 = Debug|Win32
		{429A321D-AB8B-4817-A275-47C53FE32EB4}.Release|x64.ActiveCfg = Release|x64
		{429A321D-AB8B-4817-A275-47C53FE32EB4}.Release|x64.Build.0 = Release|x64
		{429A321D-AB8B-4817-A275-47C53FE32EB4}.Release|x86.ActiveCfg = Release|Win32
		{429A321D-AB8B-4817-A275-47C53FE32EB4}.Release|x86.Build.0 = Release|Win32
	EndGlobalSection
	GlobalSection(SolutionProperties) = preSolution
		HideSolutionNode = FALSE
	EndGlobalSection
	GlobalSection(ExtensibilityGlobals) = postSolution
		SolutionGuid = {8D2D7A1F-359E-4206-B14B-581F38D3EF5C}
	EndGlobalSection
EndGlobal
