<?xml version="1.0" encoding="utf-8"?>
<Project ToolsVersion="4.0" xmlns="http://schemas.microsoft.com/developer/msbuild/2003">
  <ItemGroup>
    <Filter Include="GameEngine">
      <UniqueIdentifier>{099a5c7a-af7a-4378-9027-6b51d4d039f3}</UniqueIdentifier>
    </Filter>
    <Filter Include="Manager">
      <UniqueIdentifier>{11654202-5f92-442f-9da4-f454c385301e}</UniqueIdentifier>
    </Filter>
    <Filter Include="Entity">
      <UniqueIdentifier>{e6c43e09-b981-4b7e-8868-ead0f554c509}</UniqueIdentifier>
    </Filter>
    <Filter Include="Manager\EntityManager">
      <UniqueIdentifier>{dc7cab68-9c3f-4590-baf2-79945bce4a80}</UniqueIdentifier>
    </Filter>
  </ItemGroup>
  <ItemGroup>
    <ClInclude Include="GameEngine.h">
      <Filter>GameEngine</Filter>
    </ClInclude>
    <ClInclude Include="TimeManager.h">
      <Filter>Manager</Filter>
    </ClInclude>
    <ClInclude Include="InputManager.h">
      <Filter>Manager</Filter>
    </ClInclude>
    <ClInclude Include="ResourceManager.h">
      <Filter>Manager</Filter>
    </ClInclude>
    <ClInclude Include="InputEnum.h">
      <Filter>Manager</Filter>
    </ClInclude>
    <ClInclude Include="ResourceEnum.h">
      <Filter>Manager</Filter>
    </ClInclude>
    <ClInclude Include="FileManager.h">
      <Filter>Manager</Filter>
    </ClInclude>
    <ClInclude Include="AStar.h" />
    <ClInclude Include="tempObject.h" />
    <ClInclude Include="Entity.h">
      <Filter>Entity</Filter>
    </ClInclude>
    <ClInclude Include="EntityManager.h">
      <Filter>Manager\EntityManager</Filter>
    </ClInclude>
    <ClInclude Include="Pool.h">
      <Filter>Manager\EntityManager</Filter>
    </ClInclude>
  </ItemGroup>
  <ItemGroup>
    <ClCompile Include="GameEngine.cpp">
      <Filter>GameEngine</Filter>
    </ClCompile>
    <ClCompile Include="TimeManager.cpp">
      <Filter>Manager</Filter>
    </ClCompile>
    <ClCompile Include="InputManager.cpp">
      <Filter>Manager</Filter>
    </ClCompile>
    <ClCompile Include="ResourceManager.cpp">
      <Filter>Manager</Filter>
    </ClCompile>
    <ClCompile Include="FileManager.cpp">
      <Filter>Manager</Filter>
    </ClCompile>
    <ClCompile Include="AStar.cpp" />
    <ClCompile Include="tempObject.cpp" />
    <ClCompile Include="Entity.cpp">
      <Filter>Entity</Filter>
    </ClCompile>
    <ClCompile Include="EntityManager.cpp">
      <Filter>Manager\EntityManager</Filter>
    </ClCompile>
  </ItemGroup>
</Project>