<?xml version="1.0" encoding="utf-8"?>
<Project ToolsVersion="4.0" xmlns="http://schemas.microsoft.com/developer/msbuild/2003">
  <ItemGroup>
    <Filter Include="GameEngine">
      <UniqueIdentifier>{099a5c7a-af7a-4378-9027-6b51d4d039f3}</UniqueIdentifier>
    </Filter>
    <Filter Include="Manager">
      <UniqueIdentifier>{11654202-5f92-442f-9da4-f454c385301e}</UniqueIdentifier>
    </Filter>
  </ItemGroup>
  <ItemGroup>
    <ClInclude Include="GameEngine.h">
      <Filter>GameEngine</Filter>
    </ClInclude>
    <ClInclude Include="TimeManager.h">
      <Filter>Manager</Filter>
    </ClInclude>
    <ClInclude Include="InputManager.h">
      <Filter>Manager</Filter>
    </ClInclude>
    <ClInclude Include="ResourceManager.h">
      <Filter>Manager</Filter>
    </ClInclude>
    <ClInclude Include="InputEnum.h">
      <Filter>Manager</Filter>
    </ClInclude>
    <ClInclude Include="ResourceEnum.h">
      <Filter>Manager</Filter>
    </ClInclude>
    <ClInclude Include="FileManager.h">
      <Filter>Manager</Filter>
    </ClInclude>
    <ClInclude Include="AStar.h" />
    <ClInclude Include="tempObject.h" />
  </ItemGroup>
  <ItemGroup>
    <ClCompile Include="GameEngine.cpp">
      <Filter>GameEngine</Filter>
    </ClCompile>
    <ClCompile Include="TimeManager.cpp">
      <Filter>Manager</Filter>
    </ClCompile>
    <ClCompile Include="InputManager.cpp">
      <Filter>Manager</Filter>
    </ClCompile>
    <ClCompile Include="ResourceManager.cpp">
      <Filter>Manager</Filter>
    </ClCompile>
    <ClCompile Include="FileManager.cpp">
      <Filter>Manager</Filter>
    </ClCompile>
    <ClCompile Include="AStar.cpp" />
    <ClCompile Include="tempObject.cpp" />
  </ItemGroup>
</Project>